<?xml version="1.0" encoding="utf-8"?>
<Project ToolsVersion="4.0" xmlns="http://schemas.microsoft.com/developer/msbuild/2003">
  <ItemGroup>
    <Filter Include="Source Files">
      <UniqueIdentifier>{a1d6c2a4-76ec-4644-a5a6-5c7d9351ee65}</UniqueIdentifier>
      <Extensions>cpp;c;cxx;rc;def;r;odl;idl;hpj;bat</Extensions>
    </Filter>
    <Filter Include="Header Files">
      <UniqueIdentifier>{84ea023c-bc38-417a-ab9c-dc844bd67a7f}</UniqueIdentifier>
      <Extensions>h;hpp;hxx;hm;inl</Extensions>
    </Filter>
    <Filter Include="Resource Files">
      <UniqueIdentifier>{ed7f602c-820a-4252-be4f-9cfe53fe4444}</UniqueIdentifier>
      <Extensions>ico;cur;bmp;dlg;rc2;rct;bin;rgs;gif;jpg;jpeg;jpe</Extensions>
    </Filter>
  </ItemGroup>
  <ItemGroup>
    <ClCompile Include="StdAfx.cpp">
      <Filter>Source Files</Filter>
    </ClCompile>
    <ClCompile Include="CollisionResistantHash.cpp">
      <Filter>Source Files</Filter>
    </ClCompile>
    <ClCompile Include="Examples.cpp">
      <Filter>Source Files</Filter>
    </ClCompile>
    <ClCompile Include="RabinPermutation.cpp">
      <Filter>Source Files</Filter>
    </ClCompile>
    <ClCompile Include="RSAPermutation.cpp">
      <Filter>Source Files</Filter>
    </ClCompile>
    <ClCompile Include="TPElement.cpp">
      <Filter>Source Files</Filter>
    </ClCompile>
    <ClCompile Include="Utils.cpp">
      <Filter>Source Files</Filter>
    </ClCompile>
    <ClCompile Include="DlogElement.cpp">
      <Filter>Source Files</Filter>
    </ClCompile>
    <ClCompile Include="DlogGroup.cpp">
      <Filter>Source Files</Filter>
    </ClCompile>
    <ClCompile Include="CryptoPPJavaInterface.cpp">
      <Filter>Source Files</Filter>
    </ClCompile>
    <ClCompile Include="AESPermutation.cpp">
      <Filter>Source Files</Filter>
    </ClCompile>
    <ClCompile Include="RSAPss.cpp">
      <Filter>Source Files</Filter>
    </ClCompile>
    <ClCompile Include="RSAOaep.cpp">
      <Filter>Source Files</Filter>
    </ClCompile>
  </ItemGroup>
  <ItemGroup>
    <ClInclude Include="StdAfx.h">
      <Filter>Header Files</Filter>
    </ClInclude>
    <ClInclude Include="Examples.h">
      <Filter>Header Files</Filter>
    </ClInclude>
    <ClInclude Include="JavaCryptopp.h">
      <Filter>Header Files</Filter>
    </ClInclude>
    <ClInclude Include="CollisionResistantHash.h">
      <Filter>Header Files</Filter>
    </ClInclude>
    <ClInclude Include="RabinPermutation.h">
      <Filter>Header Files</Filter>
    </ClInclude>
    <ClInclude Include="RSAPermutation.h">
      <Filter>Header Files</Filter>
    </ClInclude>
    <ClInclude Include="TPElement.h">
      <Filter>Header Files</Filter>
    </ClInclude>
    <ClInclude Include="Utils.h">
      <Filter>Header Files</Filter>
    </ClInclude>
    <ClInclude Include="DlogElement.h">
      <Filter>Header Files</Filter>
    </ClInclude>
    <ClInclude Include="DlogGroup.h">
      <Filter>Header Files</Filter>
    </ClInclude>
    <ClInclude Include="AESPermutation.h">
      <Filter>Header Files</Filter>
    </ClInclude>
    <ClInclude Include="RSAOaep.h">
      <Filter>Header Files</Filter>
    </ClInclude>
    <ClInclude Include="RSAPss.h">
      <Filter>Header Files</Filter>
    </ClInclude>
  </ItemGroup>
</Project>