<?xml version="1.0" encoding="utf-8"?>
<Project ToolsVersion="4.0" xmlns="http://schemas.microsoft.com/developer/msbuild/2003">
  <ItemGroup>
    <Filter Include="Source Files">
      <UniqueIdentifier>{4FC737F1-C7A5-4376-A066-2A32D752A2FF}</UniqueIdentifier>
      <Extensions>cpp;c;cc;cxx;def;odl;idl;hpj;bat;asm;asmx</Extensions>
    </Filter>
    <Filter Include="Header Files">
      <UniqueIdentifier>{93995380-89BD-4b04-88EB-625FBE52EBFB}</UniqueIdentifier>
      <Extensions>h;hpp;hxx;hm;inl;inc;xsd</Extensions>
    </Filter>
    <Filter Include="Resource Files">
      <UniqueIdentifier>{67DA6AB6-F800-4c08-8B7A-83BB121AAD01}</UniqueIdentifier>
      <Extensions>rc;ico;cur;bmp;dlg;rc2;rct;bin;rgs;gif;jpg;jpeg;jpe;resx;tiff;tif;png;wav;mfcribbon-ms</Extensions>
    </Filter>
  </ItemGroup>
  <ItemGroup>
    <None Include="ReadMe.txt" />
  </ItemGroup>
  <ItemGroup>
    <ClInclude Include="stdafx.h">
      <Filter>Header Files</Filter>
    </ClInclude>
    <ClInclude Include="targetver.h">
      <Filter>Header Files</Filter>
    </ClInclude>
    <ClInclude Include="FpPoint.h">
      <Filter>Header Files</Filter>
    </ClInclude>
    <ClInclude Include="F2mPoint.h">
      <Filter>Header Files</Filter>
    </ClInclude>
    <ClInclude Include="DlogFp.h">
      <Filter>Header Files</Filter>
    </ClInclude>
    <ClInclude Include="DlogF2m.h">
      <Filter>Header Files</Filter>
    </ClInclude>
    <ClInclude Include="Hash.h">
      <Filter>Header Files</Filter>
    </ClInclude>
    <ClInclude Include="AES.h">
      <Filter>Header Files</Filter>
    </ClInclude>
    <ClInclude Include="TripleDES.h">
      <Filter>Header Files</Filter>
    </ClInclude>
    <ClInclude Include="PrpAbs.h">
      <Filter>Header Files</Filter>
    </ClInclude>
    <ClInclude Include="Hmac.h">
      <Filter>Header Files</Filter>
    </ClInclude>
    <ClInclude Include="RC4.h">
      <Filter>Header Files</Filter>
    </ClInclude>
    <ClInclude Include="DlogEC.h">
      <Filter>Header Files</Filter>
    </ClInclude>
    <ClInclude Include="DlogZp.h">
      <Filter>Header Files</Filter>
    </ClInclude>
    <ClInclude Include="ZpElement.h">
      <Filter>Header Files</Filter>
    </ClInclude>
    <ClInclude Include="SymEncryption.h">
      <Filter>Header Files</Filter>
    </ClInclude>
    <ClInclude Include="RSAPermutation.h">
      <Filter>Header Files</Filter>
    </ClInclude>
    <ClInclude Include="RSAOaep.h">
      <Filter>Header Files</Filter>
    </ClInclude>
    <ClInclude Include="RSAPss.h">
      <Filter>Header Files</Filter>
    </ClInclude>
    <ClInclude Include="DSA.h">
      <Filter>Header Files</Filter>
    </ClInclude>
  </ItemGroup>
  <ItemGroup>
    <ClCompile Include="stdafx.cpp">
      <Filter>Source Files</Filter>
    </ClCompile>
    <ClCompile Include="OpenSSLJavaInterface.cpp">
      <Filter>Source Files</Filter>
    </ClCompile>
    <ClCompile Include="dllmain.cpp">
      <Filter>Source Files</Filter>
    </ClCompile>
    <ClCompile Include="FpPoint.cpp">
      <Filter>Source Files</Filter>
    </ClCompile>
    <ClCompile Include="F2mPoint.cpp">
      <Filter>Source Files</Filter>
    </ClCompile>
    <ClCompile Include="DlogFp.cpp">
      <Filter>Source Files</Filter>
    </ClCompile>
    <ClCompile Include="DlogF2m.cpp">
      <Filter>Source Files</Filter>
    </ClCompile>
    <ClCompile Include="Hash.cpp">
      <Filter>Source Files</Filter>
    </ClCompile>
    <ClCompile Include="AES.cpp">
      <Filter>Source Files</Filter>
    </ClCompile>
    <ClCompile Include="TripleDES.cpp">
      <Filter>Source Files</Filter>
    </ClCompile>
    <ClCompile Include="PrpAbs.cpp">
      <Filter>Source Files</Filter>
    </ClCompile>
    <ClCompile Include="Hmac.cpp">
      <Filter>Source Files</Filter>
    </ClCompile>
    <ClCompile Include="RC4.cpp">
      <Filter>Source Files</Filter>
    </ClCompile>
    <ClCompile Include="DlogEC.cpp">
      <Filter>Source Files</Filter>
    </ClCompile>
    <ClCompile Include="DlogZp.cpp">
      <Filter>Source Files</Filter>
    </ClCompile>
    <ClCompile Include="ZpElement.cpp">
      <Filter>Source Files</Filter>
    </ClCompile>
    <ClCompile Include="SymEncryption.cpp">
      <Filter>Source Files</Filter>
    </ClCompile>
    <ClCompile Include="RSAPermutation.cpp">
      <Filter>Source Files</Filter>
    </ClCompile>
    <ClCompile Include="RSAOaep.cpp">
      <Filter>Source Files</Filter>
    </ClCompile>
    <ClCompile Include="RSAPss.cpp">
      <Filter>Source Files</Filter>
    </ClCompile>
    <ClCompile Include="DSA.cpp">
      <Filter>Source Files</Filter>
    </ClCompile>
  </ItemGroup>
</Project>